// !$*UTF8*$!
{
	archiveVersion = 1;
	classes = {
	};
	objectVersion = 55;
	objects = {

/* Begin PBXBuildFile section */
		B807BA3A27EA3EA00043CFC4 /* Poland.png in Resources */ = {isa = PBXBuildFile; fileRef = B807BA2E27EA3E9F0043CFC4 /* Poland.png */; };
		B807BA3B27EA3EA00043CFC4 /* Spain.png in Resources */ = {isa = PBXBuildFile; fileRef = B807BA2F27EA3E9F0043CFC4 /* Spain.png */; };
		B807BA3C27EA3EA00043CFC4 /* Monaco.png in Resources */ = {isa = PBXBuildFile; fileRef = B807BA3027EA3E9F0043CFC4 /* Monaco.png */; };
		B807BA3D27EA3EA00043CFC4 /* France.png in Resources */ = {isa = PBXBuildFile; fileRef = B807BA3127EA3EA00043CFC4 /* France.png */; };
		B807BA3E27EA3EA00043CFC4 /* Ireland.png in Resources */ = {isa = PBXBuildFile; fileRef = B807BA3227EA3EA00043CFC4 /* Ireland.png */; };
		B807BA3F27EA3EA00043CFC4 /* Germany.png in Resources */ = {isa = PBXBuildFile; fileRef = B807BA3327EA3EA00043CFC4 /* Germany.png */; };
		B807BA4027EA3EA00043CFC4 /* Russia.png in Resources */ = {isa = PBXBuildFile; fileRef = B807BA3427EA3EA00043CFC4 /* Russia.png */; };
		B807BA4127EA3EA00043CFC4 /* UK.png in Resources */ = {isa = PBXBuildFile; fileRef = B807BA3527EA3EA00043CFC4 /* UK.png */; };
		B807BA4227EA3EA00043CFC4 /* US.png in Resources */ = {isa = PBXBuildFile; fileRef = B807BA3627EA3EA00043CFC4 /* US.png */; };
		B807BA4327EA3EA00043CFC4 /* Italy.png in Resources */ = {isa = PBXBuildFile; fileRef = B807BA3727EA3EA00043CFC4 /* Italy.png */; };
		B807BA4427EA3EA00043CFC4 /* Estonia.png in Resources */ = {isa = PBXBuildFile; fileRef = B807BA3827EA3EA00043CFC4 /* Estonia.png */; };
		B807BA4527EA3EA00043CFC4 /* Nigeria.png in Resources */ = {isa = PBXBuildFile; fileRef = B807BA3927EA3EA00043CFC4 /* Nigeria.png */; };
		B807E73A27E6112C005FAF4D /* AppDelegate.swift in Sources */ = {isa = PBXBuildFile; fileRef = B807E73927E6112C005FAF4D /* AppDelegate.swift */; };
		B807E73C27E6112C005FAF4D /* SceneDelegate.swift in Sources */ = {isa = PBXBuildFile; fileRef = B807E73B27E6112C005FAF4D /* SceneDelegate.swift */; };
		B807E73E27E6112C005FAF4D /* ViewController.swift in Sources */ = {isa = PBXBuildFile; fileRef = B807E73D27E6112C005FAF4D /* ViewController.swift */; };
		B807E74127E6112C005FAF4D /* Main.storyboard in Resources */ = {isa = PBXBuildFile; fileRef = B807E73F27E6112C005FAF4D /* Main.storyboard */; };
		B807E74327E61136005FAF4D /* Assets.xcassets in Resources */ = {isa = PBXBuildFile; fileRef = B807E74227E61136005FAF4D /* Assets.xcassets */; };
		B807E74627E61136005FAF4D /* LaunchScreen.storyboard in Resources */ = {isa = PBXBuildFile; fileRef = B807E74427E61136005FAF4D /* LaunchScreen.storyboard */; };
		B807E74E27E612BF005FAF4D /* DetailViewController.swift in Sources */ = {isa = PBXBuildFile; fileRef = B807E74D27E612BF005FAF4D /* DetailViewController.swift */; };
/* End PBXBuildFile section */

/* Begin PBXFileReference section */
		B807BA2E27EA3E9F0043CFC4 /* Poland.png */ = {isa = PBXFileReference; lastKnownFileType = image.png; path = Poland.png; sourceTree = "<group>"; };
		B807BA2F27EA3E9F0043CFC4 /* Spain.png */ = {isa = PBXFileReference; lastKnownFileType = image.png; path = Spain.png; sourceTree = "<group>"; };
		B807BA3027EA3E9F0043CFC4 /* Monaco.png */ = {isa = PBXFileReference; lastKnownFileType = image.png; path = Monaco.png; sourceTree = "<group>"; };
		B807BA3127EA3EA00043CFC4 /* France.png */ = {isa = PBXFileReference; lastKnownFileType = image.png; path = France.png; sourceTree = "<group>"; };
		B807BA3227EA3EA00043CFC4 /* Ireland.png */ = {isa = PBXFileReference; lastKnownFileType = image.png; path = Ireland.png; sourceTree = "<group>"; };
		B807BA3327EA3EA00043CFC4 /* Germany.png */ = {isa = PBXFileReference; lastKnownFileType = image.png; path = Germany.png; sourceTree = "<group>"; };
		B807BA3427EA3EA00043CFC4 /* Russia.png */ = {isa = PBXFileReference; lastKnownFileType = image.png; path = Russia.png; sourceTree = "<group>"; };
		B807BA3527EA3EA00043CFC4 /* UK.png */ = {isa = PBXFileReference; lastKnownFileType = image.png; path = UK.png; sourceTree = "<group>"; };
		B807BA3627EA3EA00043CFC4 /* US.png */ = {isa = PBXFileReference; lastKnownFileType = image.png; path = US.png; sourceTree = "<group>"; };
		B807BA3727EA3EA00043CFC4 /* Italy.png */ = {isa = PBXFileReference; lastKnownFileType = image.png; path = Italy.png; sourceTree = "<group>"; };
		B807BA3827EA3EA00043CFC4 /* Estonia.png */ = {isa = PBXFileReference; lastKnownFileType = image.png; path = Estonia.png; sourceTree = "<group>"; };
		B807BA3927EA3EA00043CFC4 /* Nigeria.png */ = {isa = PBXFileReference; lastKnownFileType = image.png; path = Nigeria.png; sourceTree = "<group>"; };
		B807E73627E6112C005FAF4D /* Consolidation_2-Flags.app */ = {isa = PBXFileReference; explicitFileType = wrapper.application; includeInIndex = 0; path = "Consolidation_2-Flags.app"; sourceTree = BUILT_PRODUCTS_DIR; };
		B807E73927E6112C005FAF4D /* AppDelegate.swift */ = {isa = PBXFileReference; lastKnownFileType = sourcecode.swift; path = AppDelegate.swift; sourceTree = "<group>"; };
		B807E73B27E6112C005FAF4D /* SceneDelegate.swift */ = {isa = PBXFileReference; lastKnownFileType = sourcecode.swift; path = SceneDelegate.swift; sourceTree = "<group>"; };
		B807E73D27E6112C005FAF4D /* ViewController.swift */ = {isa = PBXFileReference; lastKnownFileType = sourcecode.swift; path = ViewController.swift; sourceTree = "<group>"; };
		B807E74027E6112C005FAF4D /* Base */ = {isa = PBXFileReference; lastKnownFileType = file.storyboard; name = Base; path = Base.lproj/Main.storyboard; sourceTree = "<group>"; };
		B807E74227E61136005FAF4D /* Assets.xcassets */ = {isa = PBXFileReference; lastKnownFileType = folder.assetcatalog; path = Assets.xcassets; sourceTree = "<group>"; };
		B807E74527E61136005FAF4D /* Base */ = {isa = PBXFileReference; lastKnownFileType = file.storyboard; name = Base; path = Base.lproj/LaunchScreen.storyboard; sourceTree = "<group>"; };
		B807E74727E61136005FAF4D /* Info.plist */ = {isa = PBXFileReference; lastKnownFileType = text.plist.xml; path = Info.plist; sourceTree = "<group>"; };
		B807E74D27E612BF005FAF4D /* DetailViewController.swift */ = {isa = PBXFileReference; lastKnownFileType = sourcecode.swift; path = DetailViewController.swift; sourceTree = "<group>"; };
/* End PBXFileReference section */

/* Begin PBXFrameworksBuildPhase section */
		B807E73327E6112C005FAF4D /* Frameworks */ = {
			isa = PBXFrameworksBuildPhase;
			buildActionMask = 2147483647;
			files = (
			);
			runOnlyForDeploymentPostprocessing = 0;
		};
/* End PBXFrameworksBuildPhase section */

/* Begin PBXGroup section */
		B807B9CD27EA30F30043CFC4 /* Content */ = {
			isa = PBXGroup;
			children = (
				B807BA3827EA3EA00043CFC4 /* Estonia.png */,
				B807BA3127EA3EA00043CFC4 /* France.png */,
				B807BA3327EA3EA00043CFC4 /* Germany.png */,
				B807BA3227EA3EA00043CFC4 /* Ireland.png */,
				B807BA3727EA3EA00043CFC4 /* Italy.png */,
				B807BA3027EA3E9F0043CFC4 /* Monaco.png */,
				B807BA3927EA3EA00043CFC4 /* Nigeria.png */,
				B807BA2E27EA3E9F0043CFC4 /* Poland.png */,
				B807BA3427EA3EA00043CFC4 /* Russia.png */,
				B807BA2F27EA3E9F0043CFC4 /* Spain.png */,
				B807BA3527EA3EA00043CFC4 /* UK.png */,
				B807BA3627EA3EA00043CFC4 /* US.png */,
			);
			path = Content;
			sourceTree = "<group>";
		};
		B807E72D27E6112C005FAF4D = {
			isa = PBXGroup;
			children = (
				B807E73827E6112C005FAF4D /* Consolidation_2-Flags */,
				B807E73727E6112C005FAF4D /* Products */,
			);
			sourceTree = "<group>";
		};
		B807E73727E6112C005FAF4D /* Products */ = {
			isa = PBXGroup;
			children = (
				B807E73627E6112C005FAF4D /* Consolidation_2-Flags.app */,
			);
			name = Products;
			sourceTree = "<group>";
		};
		B807E73827E6112C005FAF4D /* Consolidation_2-Flags */ = {
			isa = PBXGroup;
			children = (
				B807E73927E6112C005FAF4D /* AppDelegate.swift */,
				B807E73B27E6112C005FAF4D /* SceneDelegate.swift */,
				B807E73D27E6112C005FAF4D /* ViewController.swift */,
				B807E74D27E612BF005FAF4D /* DetailViewController.swift */,
				B807E73F27E6112C005FAF4D /* Main.storyboard */,
				B807E74427E61136005FAF4D /* LaunchScreen.storyboard */,
				B807E74727E61136005FAF4D /* Info.plist */,
				B807E74227E61136005FAF4D /* Assets.xcassets */,
				B807B9CD27EA30F30043CFC4 /* Content */,
			);
			path = "Consolidation_2-Flags";
			sourceTree = "<group>";
		};
/* End PBXGroup section */

/* Begin PBXNativeTarget section */
		B807E73527E6112C005FAF4D /* Consolidation_2-Flags */ = {
			isa = PBXNativeTarget;
			buildConfigurationList = B807E74A27E61136005FAF4D /* Build configuration list for PBXNativeTarget "Consolidation_2-Flags" */;
			buildPhases = (
				B807E73227E6112C005FAF4D /* Sources */,
				B807E73327E6112C005FAF4D /* Frameworks */,
				B807E73427E6112C005FAF4D /* Resources */,
			);
			buildRules = (
			);
			dependencies = (
			);
			name = "Consolidation_2-Flags";
			productName = "Consolidation_2-Flags";
			productReference = B807E73627E6112C005FAF4D /* Consolidation_2-Flags.app */;
			productType = "com.apple.product-type.application";
		};
/* End PBXNativeTarget section */

/* Begin PBXProject section */
		B807E72E27E6112C005FAF4D /* Project object */ = {
			isa = PBXProject;
			attributes = {
				BuildIndependentTargetsInParallel = 1;
				LastSwiftUpdateCheck = 1330;
				LastUpgradeCheck = 1330;
				TargetAttributes = {
					B807E73527E6112C005FAF4D = {
						CreatedOnToolsVersion = 13.3;
					};
				};
			};
			buildConfigurationList = B807E73127E6112C005FAF4D /* Build configuration list for PBXProject "Consolidation_2-Flags" */;
			compatibilityVersion = "Xcode 13.0";
			developmentRegion = en;
			hasScannedForEncodings = 0;
			knownRegions = (
				en,
				Base,
			);
			mainGroup = B807E72D27E6112C005FAF4D;
			productRefGroup = B807E73727E6112C005FAF4D /* Products */;
			projectDirPath = "";
			projectRoot = "";
			targets = (
				B807E73527E6112C005FAF4D /* Consolidation_2-Flags */,
			);
		};
/* End PBXProject section */

/* Begin PBXResourcesBuildPhase section */
		B807E73427E6112C005FAF4D /* Resources */ = {
			isa = PBXResourcesBuildPhase;
			buildActionMask = 2147483647;
			files = (
				B807BA4027EA3EA00043CFC4 /* Russia.png in Resources */,
				B807BA4227EA3EA00043CFC4 /* US.png in Resources */,
				B807BA3F27EA3EA00043CFC4 /* Germany.png in Resources */,
				B807BA3D27EA3EA00043CFC4 /* France.png in Resources */,
				B807BA3E27EA3EA00043CFC4 /* Ireland.png in Resources */,
				B807BA4427EA3EA00043CFC4 /* Estonia.png in Resources */,
				B807BA4127EA3EA00043CFC4 /* UK.png in Resources */,
				B807BA3B27EA3EA00043CFC4 /* Spain.png in Resources */,
				B807E74627E61136005FAF4D /* LaunchScreen.storyboard in Resources */,
				B807BA4327EA3EA00043CFC4 /* Italy.png in Resources */,
				B807BA4527EA3EA00043CFC4 /* Nigeria.png in Resources */,
				B807E74327E61136005FAF4D /* Assets.xcassets in Resources */,
				B807E74127E6112C005FAF4D /* Main.storyboard in Resources */,
				B807BA3C27EA3EA00043CFC4 /* Monaco.png in Resources */,
				B807BA3A27EA3EA00043CFC4 /* Poland.png in Resources */,
			);
			runOnlyForDeploymentPostprocessing = 0;
		};
/* End PBXResourcesBuildPhase section */

/* Begin PBXSourcesBuildPhase section */
		B807E73227E6112C005FAF4D /* Sources */ = {
			isa = PBXSourcesBuildPhase;
			buildActionMask = 2147483647;
			files = (
				B807E73E27E6112C005FAF4D /* ViewController.swift in Sources */,
				B807E73A27E6112C005FAF4D /* AppDelegate.swift in Sources */,
				B807E73C27E6112C005FAF4D /* SceneDelegate.swift in Sources */,
				B807E74E27E612BF005FAF4D /* DetailViewController.swift in Sources */,
			);
			runOnlyForDeploymentPostprocessing = 0;
		};
/* End PBXSourcesBuildPhase section */

/* Begin PBXVariantGroup section */
		B807E73F27E6112C005FAF4D /* Main.storyboard */ = {
			isa = PBXVariantGroup;
			children = (
				B807E74027E6112C005FAF4D /* Base */,
			);
			name = Main.storyboard;
			sourceTree = "<group>";
		};
		B807E74427E61136005FAF4D /* LaunchScreen.storyboard */ = {
			isa = PBXVariantGroup;
			children = (
				B807E74527E61136005FAF4D /* Base */,
			);
			name = LaunchScreen.storyboard;
			sourceTree = "<group>";
		};
/* End PBXVariantGroup section */

/* Begin XCBuildConfiguration section */
		B807E74827E61136005FAF4D /* Debug */ = {
			isa = XCBuildConfiguration;
			buildSettings = {
				ALWAYS_SEARCH_USER_PATHS = NO;
				CLANG_ANALYZER_NONNULL = YES;
				CLANG_ANALYZER_NUMBER_OBJECT_CONVERSION = YES_AGGRESSIVE;
				CLANG_CXX_LANGUAGE_STANDARD = "gnu++17";
				CLANG_ENABLE_MODULES = YES;
				CLANG_ENABLE_OBJC_ARC = YES;
				CLANG_ENABLE_OBJC_WEAK = YES;
				CLANG_WARN_BLOCK_CAPTURE_AUTORELEASING = YES;
				CLANG_WARN_BOOL_CONVERSION = YES;
				CLANG_WARN_COMMA = YES;
				CLANG_WARN_CONSTANT_CONVERSION = YES;
				CLANG_WARN_DEPRECATED_OBJC_IMPLEMENTATIONS = YES;
				CLANG_WARN_DIRECT_OBJC_ISA_USAGE = YES_ERROR;
				CLANG_WARN_DOCUMENTATION_COMMENTS = YES;
				CLANG_WARN_EMPTY_BODY = YES;
				CLANG_WARN_ENUM_CONVERSION = YES;
				CLANG_WARN_INFINITE_RECURSION = YES;
				CLANG_WARN_INT_CONVERSION = YES;
				CLANG_WARN_NON_LITERAL_NULL_CONVERSION = YES;
				CLANG_WARN_OBJC_IMPLICIT_RETAIN_SELF = YES;
				CLANG_WARN_OBJC_LITERAL_CONVERSION = YES;
				CLANG_WARN_OBJC_ROOT_CLASS = YES_ERROR;
				CLANG_WARN_QUOTED_INCLUDE_IN_FRAMEWORK_HEADER = YES;
				CLANG_WARN_RANGE_LOOP_ANALYSIS = YES;
				CLANG_WARN_STRICT_PROTOTYPES = YES;
				CLANG_WARN_SUSPICIOUS_MOVE = YES;
				CLANG_WARN_UNGUARDED_AVAILABILITY = YES_AGGRESSIVE;
				CLANG_WARN_UNREACHABLE_CODE = YES;
				CLANG_WARN__DUPLICATE_METHOD_MATCH = YES;
				COPY_PHASE_STRIP = NO;
				DEBUG_INFORMATION_FORMAT = dwarf;
				ENABLE_STRICT_OBJC_MSGSEND = YES;
				ENABLE_TESTABILITY = YES;
				GCC_C_LANGUAGE_STANDARD = gnu11;
				GCC_DYNAMIC_NO_PIC = NO;
				GCC_NO_COMMON_BLOCKS = YES;
				GCC_OPTIMIZATION_LEVEL = 0;
				GCC_PREPROCESSOR_DEFINITIONS = (
					"DEBUG=1",
					"$(inherited)",
				);
				GCC_WARN_64_TO_32_BIT_CONVERSION = YES;
				GCC_WARN_ABOUT_RETURN_TYPE = YES_ERROR;
				GCC_WARN_UNDECLARED_SELECTOR = YES;
				GCC_WARN_UNINITIALIZED_AUTOS = YES_AGGRESSIVE;
				GCC_WARN_UNUSED_FUNCTION = YES;
				GCC_WARN_UNUSED_VARIABLE = YES;
				IPHONEOS_DEPLOYMENT_TARGET = 15.4;
				MTL_ENABLE_DEBUG_INFO = INCLUDE_SOURCE;
				MTL_FAST_MATH = YES;
				ONLY_ACTIVE_ARCH = YES;
				SDKROOT = iphoneos;
				SWIFT_ACTIVE_COMPILATION_CONDITIONS = DEBUG;
				SWIFT_OPTIMIZATION_LEVEL = "-Onone";
			};
			name = Debug;
		};
		B807E74927E61136005FAF4D /* Release */ = {
			isa = XCBuildConfiguration;
			buildSettings = {
				ALWAYS_SEARCH_USER_PATHS = NO;
				CLANG_ANALYZER_NONNULL = YES;
				CLANG_ANALYZER_NUMBER_OBJECT_CONVERSION = YES_AGGRESSIVE;
				CLANG_CXX_LANGUAGE_STANDARD = "gnu++17";
				CLANG_ENABLE_MODULES = YES;
				CLANG_ENABLE_OBJC_ARC = YES;
				CLANG_ENABLE_OBJC_WEAK = YES;
				CLANG_WARN_BLOCK_CAPTURE_AUTORELEASING = YES;
				CLANG_WARN_BOOL_CONVERSION = YES;
				CLANG_WARN_COMMA = YES;
				CLANG_WARN_CONSTANT_CONVERSION = YES;
				CLANG_WARN_DEPRECATED_OBJC_IMPLEMENTATIONS = YES;
				CLANG_WARN_DIRECT_OBJC_ISA_USAGE = YES_ERROR;
				CLANG_WARN_DOCUMENTATION_COMMENTS = YES;
				CLANG_WARN_EMPTY_BODY = YES;
				CLANG_WARN_ENUM_CONVERSION = YES;
				CLANG_WARN_INFINITE_RECURSION = YES;
				CLANG_WARN_INT_CONVERSION = YES;
				CLANG_WARN_NON_LITERAL_NULL_CONVERSION = YES;
				CLANG_WARN_OBJC_IMPLICIT_RETAIN_SELF = YES;
				CLANG_WARN_OBJC_LITERAL_CONVERSION = YES;
				CLANG_WARN_OBJC_ROOT_CLASS = YES_ERROR;
				CLANG_WARN_QUOTED_INCLUDE_IN_FRAMEWORK_HEADER = YES;
				CLANG_WARN_RANGE_LOOP_ANALYSIS = YES;
				CLANG_WARN_STRICT_PROTOTYPES = YES;
				CLANG_WARN_SUSPICIOUS_MOVE = YES;
				CLANG_WARN_UNGUARDED_AVAILABILITY = YES_AGGRESSIVE;
				CLANG_WARN_UNREACHABLE_CODE = YES;
				CLANG_WARN__DUPLICATE_METHOD_MATCH = YES;
				COPY_PHASE_STRIP = NO;
				DEBUG_INFORMATION_FORMAT = "dwarf-with-dsym";
				ENABLE_NS_ASSERTIONS = NO;
				ENABLE_STRICT_OBJC_MSGSEND = YES;
				GCC_C_LANGUAGE_STANDARD = gnu11;
				GCC_NO_COMMON_BLOCKS = YES;
				GCC_WARN_64_TO_32_BIT_CONVERSION = YES;
				GCC_WARN_ABOUT_RETURN_TYPE = YES_ERROR;
				GCC_WARN_UNDECLARED_SELECTOR = YES;
				GCC_WARN_UNINITIALIZED_AUTOS = YES_AGGRESSIVE;
				GCC_WARN_UNUSED_FUNCTION = YES;
				GCC_WARN_UNUSED_VARIABLE = YES;
				IPHONEOS_DEPLOYMENT_TARGET = 15.4;
				MTL_ENABLE_DEBUG_INFO = NO;
				MTL_FAST_MATH = YES;
				SDKROOT = iphoneos;
				SWIFT_COMPILATION_MODE = wholemodule;
				SWIFT_OPTIMIZATION_LEVEL = "-O";
				VALIDATE_PRODUCT = YES;
			};
			name = Release;
		};
		B807E74B27E61136005FAF4D /* Debug */ = {
			isa = XCBuildConfiguration;
			buildSettings = {
				ASSETCATALOG_COMPILER_APPICON_NAME = AppIcon;
				ASSETCATALOG_COMPILER_GLOBAL_ACCENT_COLOR_NAME = AccentColor;
				CODE_SIGN_STYLE = Automatic;
				CURRENT_PROJECT_VERSION = 1;
				DEVELOPMENT_TEAM = 8X7MLERU8X;
				GENERATE_INFOPLIST_FILE = YES;
				INFOPLIST_FILE = "Consolidation_2-Flags/Info.plist";
				INFOPLIST_KEY_UIApplicationSupportsIndirectInputEvents = YES;
				INFOPLIST_KEY_UILaunchStoryboardName = LaunchScreen;
				INFOPLIST_KEY_UIMainStoryboardFile = Main;
				INFOPLIST_KEY_UISupportedInterfaceOrientations_iPad = "UIInterfaceOrientationPortrait UIInterfaceOrientationPortraitUpsideDown UIInterfaceOrientationLandscapeLeft UIInterfaceOrientationLandscapeRight";
				INFOPLIST_KEY_UISupportedInterfaceOrientations_iPhone = "UIInterfaceOrientationPortrait UIInterfaceOrientationLandscapeLeft UIInterfaceOrientationLandscapeRight";
				LD_RUNPATH_SEARCH_PATHS = (
					"$(inherited)",
					"@executable_path/Frameworks",
				);
				MARKETING_VERSION = 1.0;
				PRODUCT_BUNDLE_IDENTIFIER = "EPJr.Consolidation-2-Flags";
				PRODUCT_NAME = "$(TARGET_NAME)";
				SWIFT_EMIT_LOC_STRINGS = YES;
				SWIFT_VERSION = 5.0;
				TARGETED_DEVICE_FAMILY = "1,2";
			};
			name = Debug;
		};
		B807E74C27E61136005FAF4D /* Release */ = {
			isa = XCBuildConfiguration;
			buildSettings = {
				ASSETCATALOG_COMPILER_APPICON_NAME = AppIcon;
				ASSETCATALOG_COMPILER_GLOBAL_ACCENT_COLOR_NAME = AccentColor;
				CODE_SIGN_STYLE = Automatic;
				CURRENT_PROJECT_VERSION = 1;
				DEVELOPMENT_TEAM = 8X7MLERU8X;
				GENERATE_INFOPLIST_FILE = YES;
				INFOPLIST_FILE = "Consolidation_2-Flags/Info.plist";
				INFOPLIST_KEY_UIApplicationSupportsIndirectInputEvents = YES;
				INFOPLIST_KEY_UILaunchStoryboardName = LaunchScreen;
				INFOPLIST_KEY_UIMainStoryboardFile = Main;
				INFOPLIST_KEY_UISupportedInterfaceOrientations_iPad = "UIInterfaceOrientationPortrait UIInterfaceOrientationPortraitUpsideDown UIInterfaceOrientationLandscapeLeft UIInterfaceOrientationLandscapeRight";
				INFOPLIST_KEY_UISupportedInterfaceOrientations_iPhone = "UIInterfaceOrientationPortrait UIInterfaceOrientationLandscapeLeft UIInterfaceOrientationLandscapeRight";
				LD_RUNPATH_SEARCH_PATHS = (
					"$(inherited)",
					"@executable_path/Frameworks",
				);
				MARKETING_VERSION = 1.0;
				PRODUCT_BUNDLE_IDENTIFIER = "EPJr.Consolidation-2-Flags";
				PRODUCT_NAME = "$(TARGET_NAME)";
				SWIFT_EMIT_LOC_STRINGS = YES;
				SWIFT_VERSION = 5.0;
				TARGETED_DEVICE_FAMILY = "1,2";
			};
			name = Release;
		};
/* End XCBuildConfiguration section */

/* Begin XCConfigurationList section */
		B807E73127E6112C005FAF4D /* Build configuration list for PBXProject "Consolidation_2-Flags" */ = {
			isa = XCConfigurationList;
			buildConfigurations = (
				B807E74827E61136005FAF4D /* Debug */,
				B807E74927E61136005FAF4D /* Release */,
			);
			defaultConfigurationIsVisible = 0;
			defaultConfigurationName = Release;
		};
		B807E74A27E61136005FAF4D /* Build configuration list for PBXNativeTarget "Consolidation_2-Flags" */ = {
			isa = XCConfigurationList;
			buildConfigurations = (
				B807E74B27E61136005FAF4D /* Debug */,
				B807E74C27E61136005FAF4D /* Release */,
			);
			defaultConfigurationIsVisible = 0;
			defaultConfigurationName = Release;
		};
/* End XCConfigurationList section */
	};
	rootObject = B807E72E27E6112C005FAF4D /* Project object */;
}
